<?xml version="1.0" encoding="utf-8"?>
<Project ToolsVersion="4.0" xmlns="http://schemas.microsoft.com/developer/msbuild/2003">
  <ItemGroup>
    <Filter Include="Source Files">
      <UniqueIdentifier>{4FC737F1-C7A5-4376-A066-2A32D752A2FF}</UniqueIdentifier>
      <Extensions>cpp;c;cc;cxx;def;odl;idl;hpj;bat;asm;asmx</Extensions>
    </Filter>
    <Filter Include="Header Files">
      <UniqueIdentifier>{93995380-89BD-4b04-88EB-625FBE52EBFB}</UniqueIdentifier>
      <Extensions>h;hh;hpp;hxx;hm;inl;inc;xsd</Extensions>
    </Filter>
    <Filter Include="Resource Files">
      <UniqueIdentifier>{67DA6AB6-F800-4c08-8B7A-83BB121AAD01}</UniqueIdentifier>
      <Extensions>rc;ico;cur;bmp;dlg;rc2;rct;bin;rgs;gif;jpg;jpeg;jpe;resx;tiff;tif;png;wav;mfcribbon-ms</Extensions>
    </Filter>
    <Filter Include="LinkUp">
      <UniqueIdentifier>{347ed2e3-98ad-43a8-9c41-1e555fced2f8}</UniqueIdentifier>
    </Filter>
    <Filter Include="SparkFunMPU9259-DMP">
      <UniqueIdentifier>{05496d83-da35-4340-8342-7db2900873e9}</UniqueIdentifier>
    </Filter>
    <Filter Include="SparkFunMPU9259-DMP\util">
      <UniqueIdentifier>{1da875bf-b340-4725-86c9-13b34e5eedd9}</UniqueIdentifier>
    </Filter>
  </ItemGroup>
  <ItemGroup>
    <ClInclude Include="__vm\.razor-imu.vsarduino.h">
      <Filter>Header Files</Filter>
    </ClInclude>
    <ClInclude Include="LinkUp\CRC16.h">
      <Filter>LinkUp</Filter>
    </ClInclude>
    <ClInclude Include="LinkUp\LinkUpRaw.h">
      <Filter>LinkUp</Filter>
    </ClInclude>
    <ClInclude Include="LinkUp\Platform.h">
      <Filter>LinkUp</Filter>
    </ClInclude>
    <ClInclude Include="SparkFunMPU9250-DMP\MPU9250_RegisterMap.h">
      <Filter>SparkFunMPU9259-DMP</Filter>
    </ClInclude>
    <ClInclude Include="SparkFunMPU9250-DMP\SparkFunMPU9250-DMP.h">
      <Filter>SparkFunMPU9259-DMP</Filter>
    </ClInclude>
    <ClInclude Include="SparkFunMPU9250-DMP\util\arduino_mpu9250_clk.h">
      <Filter>SparkFunMPU9259-DMP\util</Filter>
    </ClInclude>
    <ClInclude Include="SparkFunMPU9250-DMP\util\arduino_mpu9250_i2c.h">
      <Filter>SparkFunMPU9259-DMP\util</Filter>
    </ClInclude>
    <ClInclude Include="SparkFunMPU9250-DMP\util\arduino_mpu9250_log.h">
      <Filter>SparkFunMPU9259-DMP\util</Filter>
    </ClInclude>
    <ClInclude Include="SparkFunMPU9250-DMP\util\dmpKey.h">
      <Filter>SparkFunMPU9259-DMP\util</Filter>
    </ClInclude>
    <ClInclude Include="SparkFunMPU9250-DMP\util\dmpmap.h">
      <Filter>SparkFunMPU9259-DMP\util</Filter>
    </ClInclude>
    <ClInclude Include="SparkFunMPU9250-DMP\util\inv_mpu.h">
      <Filter>SparkFunMPU9259-DMP\util</Filter>
    </ClInclude>
    <ClInclude Include="SparkFunMPU9250-DMP\util\inv_mpu_dmp_motion_driver.h">
      <Filter>SparkFunMPU9259-DMP\util</Filter>
    </ClInclude>
    <ClInclude Include="SparkFunMPU9250-DMP\util\MPU9250_RegisterMap.h">
      <Filter>SparkFunMPU9259-DMP\util</Filter>
    </ClInclude>
  </ItemGroup>
  <ItemGroup>
    <ClCompile Include="LinkUp\CRC16.cpp">
      <Filter>LinkUp</Filter>
    </ClCompile>
    <ClCompile Include="LinkUp\LinkUpRaw.cpp">
      <Filter>LinkUp</Filter>
    </ClCompile>
    <ClCompile Include="LinkUp\Platform.cpp">
      <Filter>LinkUp</Filter>
    </ClCompile>
    <ClCompile Include="SparkFunMPU9250-DMP\SparkFunMPU9250-DMP.cpp">
      <Filter>SparkFunMPU9259-DMP</Filter>
    </ClCompile>
    <ClCompile Include="SparkFunMPU9250-DMP\util\arduino_mpu9250_clk.c">
      <Filter>SparkFunMPU9259-DMP\util</Filter>
    </ClCompile>
    <ClCompile Include="SparkFunMPU9250-DMP\util\arduino_mpu9250_i2c.cpp">
      <Filter>SparkFunMPU9259-DMP\util</Filter>
    </ClCompile>
    <ClCompile Include="SparkFunMPU9250-DMP\util\arduino_mpu9250_log.cpp">
      <Filter>SparkFunMPU9259-DMP\util</Filter>
    </ClCompile>
    <ClCompile Include="SparkFunMPU9250-DMP\util\inv_mpu.c">
      <Filter>SparkFunMPU9259-DMP\util</Filter>
    </ClCompile>
    <ClCompile Include="SparkFunMPU9250-DMP\util\inv_mpu_dmp_motion_driver.c">
      <Filter>SparkFunMPU9259-DMP\util</Filter>
    </ClCompile>
  </ItemGroup>
  <ItemGroup>
    <None Include="razor-imu.ino" />
  </ItemGroup>
</Project>